
Microsoft Visual Studio Solution File, Format Version 12.00
# Visual Studio Version 16
VisualStudioVersion = 16.0.808.1
MinimumVisualStudioVersion = 10.0.40219.1
Project("{FAE04EC0-301F-11D3-BF4B-00C04F79EFBC}") = "TestWebApi", "TestWebApi.csproj", "{5264685D-5C5D-46E9-AB03-2CBF69414268}"
EndProject
Global
	GlobalSection(SolutionConfigurationPlatforms) = preSolution
		Debug|Any CPU = Debug|Any CPU
		Release|Any CPU = Release|Any CPU
	EndGlobalSection
	GlobalSection(ProjectConfigurationPlatforms) = postSolution
		{5264685D-5C5D-46E9-AB03-2CBF69414268}.Debug|Any CPU.ActiveCfg = Debug|Any CPU
		{5264685D-5C5D-46E9-AB03-2CBF69414268}.Debug|Any CPU.Build.0 = Debug|Any CPU
		{5264685D-5C5D-46E9-AB03-2CBF69414268}.Release|Any CPU.ActiveCfg = Release|Any CPU
		{5264685D-5C5D-46E9-AB03-2CBF69414268}.Release|Any CPU.Build.0 = Release|Any CPU
	EndGlobalSection
	GlobalSection(SolutionProperties) = preSolution
		HideSolutionNode = FALSE
	EndGlobalSection
	GlobalSection(ExtensibilityGlobals) = postSolution
		SolutionGuid = {D38ED3E8-EBA2-4C54-9D52-7B4115BEEF92}
	EndGlobalSection
EndGlobal
